
Microsoft Visual Studio Solution File, Format Version 12.00
# Visual Studio Version 17
VisualStudioVersion = 17.7.34221.43
MinimumVisualStudioVersion = 10.0.40219.1
Project("{FAE04EC0-301F-11D3-BF4B-00C04F79EFBC}") = "GestionFichier", "GestionFichier\GestionFichier.csproj", "{38994291-73F4-4BF5-B20C-892E1A9C1983}"
EndProject
Global
	GlobalSection(SolutionConfigurationPlatforms) = preSolution
		Debug|Any CPU = Debug|Any CPU
		Release|Any CPU = Release|Any CPU
	EndGlobalSection
	GlobalSection(ProjectConfigurationPlatforms) = postSolution
		{38994291-73F4-4BF5-B20C-892E1A9C1983}.Debug|Any CPU.ActiveCfg = Debug|Any CPU
		{38994291-73F4-4BF5-B20C-892E1A9C1983}.Debug|Any CPU.Build.0 = Debug|Any CPU
		{38994291-73F4-4BF5-B20C-892E1A9C1983}.Release|Any CPU.ActiveCfg = Release|Any CPU
		{38994291-73F4-4BF5-B20C-892E1A9C1983}.Release|Any CPU.Build.0 = Release|Any CPU
	EndGlobalSection
	GlobalSection(SolutionProperties) = preSolution
		HideSolutionNode = FALSE
	EndGlobalSection
	GlobalSection(ExtensibilityGlobals) = postSolution
		SolutionGuid = {A2A41800-1BE9-45DF-B7BD-1035DB0A4A8C}
	EndGlobalSection
EndGlobal
