
Microsoft Visual Studio Solution File, Format Version 12.00
# Visual Studio Version 17
VisualStudioVersion = 17.7.34221.43
MinimumVisualStudioVersion = 10.0.40219.1
Project("{FAE04EC0-301F-11D3-BF4B-00C04F79EFBC}") = "demo_01", "demo_01\demo_01.csproj", "{3E0CD96E-1AD3-4289-BFA0-FADB6F21A621}"
EndProject
Project("{FAE04EC0-301F-11D3-BF4B-00C04F79EFBC}") = "Exo_02", "Exo_02\Exo_02.csproj", "{E548DEB7-BF5A-4421-9326-EEBFFE9876D2}"
EndProject
Project("{FAE04EC0-301F-11D3-BF4B-00C04F79EFBC}") = "Exo_03", "Exo_03\Exo_03.csproj", "{571AE8A3-1370-4D49-9928-1A4727C7A9D4}"
EndProject
Project("{FAE04EC0-301F-11D3-BF4B-00C04F79EFBC}") = "Exo_04", "Exo_04\Exo_04.csproj", "{450F9146-8DAD-464A-BC2D-042088DC3741}"
EndProject
Project("{FAE04EC0-301F-11D3-BF4B-00C04F79EFBC}") = "Exo_05", "Exo_05\Exo_05.csproj", "{CD331623-2E7C-479A-A111-1CE21580BA7D}"
EndProject
Project("{FAE04EC0-301F-11D3-BF4B-00C04F79EFBC}") = "Exo_06", "Exo_06\Exo_06.csproj", "{5ABC9F20-1612-46EC-8853-55AC6698FE8C}"
EndProject
Project("{FAE04EC0-301F-11D3-BF4B-00C04F79EFBC}") = "Exo_07", "Exo_07\Exo_07.csproj", "{048DBAC3-0E8C-4CB0-A25B-C90A5D9D8F31}"
EndProject
Project("{FAE04EC0-301F-11D3-BF4B-00C04F79EFBC}") = "Exo_08", "Exo_08\Exo_08.csproj", "{52F9FD96-5650-48DA-BB6C-8C8DC93CC25A}"
EndProject
Project("{FAE04EC0-301F-11D3-BF4B-00C04F79EFBC}") = "Exo_02_01", "Exo_02_01\Exo_02_01.csproj", "{5FC1303A-B876-4EBC-8B6E-C099DF698356}"
EndProject
Project("{FAE04EC0-301F-11D3-BF4B-00C04F79EFBC}") = "Exo_02_02", "Exo_02_02\Exo_02_02.csproj", "{F055C56D-F9EA-485C-ADCB-09880BF83C4B}"
EndProject
Project("{FAE04EC0-301F-11D3-BF4B-00C04F79EFBC}") = "EXO_02_03", "EXO_02_03\EXO_02_03.csproj", "{C6FA6090-EAED-473C-A6F4-47248895C0CF}"
EndProject
Project("{FAE04EC0-301F-11D3-BF4B-00C04F79EFBC}") = "Exo_02_04", "Exo_02_04\Exo_02_04.csproj", "{5DDB10B3-CF2D-47F3-BC99-E60759510B0B}"
EndProject
Project("{9A19103F-16F7-4668-BE54-9A1E7A4F7556}") = "Exo_03_01", "Exo_03_01\Exo_03_01.csproj", "{452A7C7E-D5ED-4428-BCF4-D66C8F01A542}"
EndProject
Project("{9A19103F-16F7-4668-BE54-9A1E7A4F7556}") = "Exo_03_02", "Exo_03_02\Exo_03_02.csproj", "{BC349D5C-AB9E-48B7-856F-176025B48C81}"
EndProject
Project("{9A19103F-16F7-4668-BE54-9A1E7A4F7556}") = "Exo_03_03", "Exo_03_03\Exo_03_03.csproj", "{F1ADE91A-CC60-4510-A8CC-B856978994EF}"
EndProject
Project("{9A19103F-16F7-4668-BE54-9A1E7A4F7556}") = "Exo_03_04", "Exo_03_04\Exo_03_04.csproj", "{1FA984F0-DE9B-4938-99F1-24E3378A4AAB}"
EndProject
Project("{9A19103F-16F7-4668-BE54-9A1E7A4F7556}") = "Exo_03_05", "Exo_03_05\Exo_03_05.csproj", "{F0CD0206-D4F4-48B3-AEBA-31636515765F}"
EndProject
Project("{9A19103F-16F7-4668-BE54-9A1E7A4F7556}") = "Exo_03_06", "Exo_03_06\Exo_03_06.csproj", "{F571109D-BB0C-4362-B555-11DD45FC48E0}"
EndProject
Project("{9A19103F-16F7-4668-BE54-9A1E7A4F7556}") = "Exo_03_07", "Exo_03_07\Exo_03_07.csproj", "{6A799895-D25C-48C3-9066-F15B109C422B}"
EndProject
Project("{9A19103F-16F7-4668-BE54-9A1E7A4F7556}") = "Exo_03_08", "Exo_03_08\Exo_03_08.csproj", "{15BD271C-D11B-42AC-A769-15623A9F61D9}"
EndProject
Project("{9A19103F-16F7-4668-BE54-9A1E7A4F7556}") = "Exo_03_09", "Exo_03_09\Exo_03_09.csproj", "{5AE4C887-0C40-438D-994D-0B633536857F}"
EndProject
Project("{9A19103F-16F7-4668-BE54-9A1E7A4F7556}") = "Exo_03_10", "Exo_03_10\Exo_03_10.csproj", "{F638510C-B9C3-4C18-9EEB-567AFF1E0451}"
EndProject
Project("{9A19103F-16F7-4668-BE54-9A1E7A4F7556}") = "Exo_03_11", "Exo_03_11\Exo_03_11.csproj", "{22218D54-7621-4F52-874D-8C31B79F903A}"
EndProject
Project("{9A19103F-16F7-4668-BE54-9A1E7A4F7556}") = "Exo_03_12", "Exo_03_12\Exo_03_12.csproj", "{4AB9FED0-BB6F-4142-96E6-5DFB550C738E}"
EndProject
Project("{9A19103F-16F7-4668-BE54-9A1E7A4F7556}") = "Exo_03_13", "Exo_03_13\Exo_03_13.csproj", "{2BA2A1FF-9676-4C87-9BF5-E6869EC0247D}"
EndProject
Project("{9A19103F-16F7-4668-BE54-9A1E7A4F7556}") = "Exo_03_15", "Exo_03_15\Exo_03_15.csproj", "{68255EBE-3F54-4D3C-B9D0-32F8062898DB}"
EndProject
Project("{9A19103F-16F7-4668-BE54-9A1E7A4F7556}") = "Exo_04_01", "Exo_04_01\Exo_04_01.csproj", "{208925E7-1B09-4B56-9A52-C5C3CEF54236}"
EndProject
Project("{9A19103F-16F7-4668-BE54-9A1E7A4F7556}") = "Exo_04_04", "Exo_04_04\Exo_04_04.csproj", "{7BA50A15-9BAA-4CE0-9416-E273199D4455}"
EndProject
Project("{9A19103F-16F7-4668-BE54-9A1E7A4F7556}") = "Exo_04_05", "Exo_04_05\Exo_04_05.csproj", "{CFC185FB-E721-4BBE-A0A8-DDD6FB57CE25}"
EndProject
Project("{9A19103F-16F7-4668-BE54-9A1E7A4F7556}") = "Exo_04_06", "Exo_04_06\Exo_04_06.csproj", "{FAD8DC5F-94C0-4F12-911B-08F616F6F79D}"
EndProject
Project("{9A19103F-16F7-4668-BE54-9A1E7A4F7556}") = "Exo_04_07", "Exo_04_07\Exo_04_07.csproj", "{47485C06-F3FF-458E-8B9D-DA3F5C867A68}"
EndProject
Project("{9A19103F-16F7-4668-BE54-9A1E7A4F7556}") = "Exo_04_08", "Exo_04_08\Exo_04_08.csproj", "{D7DC2E21-A4F7-4456-BB0B-E1BE3511830E}"
EndProject
Project("{9A19103F-16F7-4668-BE54-9A1E7A4F7556}") = "Exo_04_09", "Exo_04_09\Exo_04_09.csproj", "{55EA9548-40A0-4871-B289-654A12413764}"
EndProject
Project("{9A19103F-16F7-4668-BE54-9A1E7A4F7556}") = "Exo_04_10", "Exo_04_10\Exo_04_10.csproj", "{087DAADF-6C69-4B8D-88EF-204E38142114}"
EndProject
Project("{9A19103F-16F7-4668-BE54-9A1E7A4F7556}") = "Exo_05_01", "Exo_05_01\Exo_05_01.csproj", "{F58E629E-08E5-4225-A2ED-4FFF9F72F9BF}"
EndProject
Project("{9A19103F-16F7-4668-BE54-9A1E7A4F7556}") = "Exo_05_02", "Exo_05_02\Exo_05_02.csproj", "{28E87939-202D-425D-822F-E2707EDC65EE}"
EndProject
Project("{9A19103F-16F7-4668-BE54-9A1E7A4F7556}") = "Exo_05_03", "Exo_05_03\Exo_05_03.csproj", "{3C3599C8-43AD-4C15-BE4E-5B82E6534723}"
EndProject
Project("{9A19103F-16F7-4668-BE54-9A1E7A4F7556}") = "Exo_05_04", "Exo_05_04\Exo_05_04.csproj", "{A2AE6819-2609-4CFB-8609-6DFC5A1E6E2D}"
EndProject
Project("{9A19103F-16F7-4668-BE54-9A1E7A4F7556}") = "Exo_05_05", "Exo_05_05\Exo_05_05.csproj", "{70B57C59-21C7-432B-8612-11438AEDEF5C}"
EndProject
Project("{9A19103F-16F7-4668-BE54-9A1E7A4F7556}") = "Exo_05_06", "Exo_05_06\Exo_05_06.csproj", "{E3482936-133E-4841-AC2A-AFB3DF7CD549}"
EndProject
Project("{9A19103F-16F7-4668-BE54-9A1E7A4F7556}") = "Exo_05_07", "Exo_05_07\Exo_05_07.csproj", "{9AF1C9C8-1326-4586-A09A-107121757056}"
EndProject
Project("{9A19103F-16F7-4668-BE54-9A1E7A4F7556}") = "Exo_06_tableau", "Exo_06_tableau\Exo_06_tableau.csproj", "{C143E750-C470-4A48-AA43-DB8F0727529B}"
EndProject
Project("{FAE04EC0-301F-11D3-BF4B-00C04F79EFBC}") = "Exo_07_sousProgram", "Exo_07_sousProgram\Exo_07_sousProgram.csproj", "{29012866-B705-48DC-A38C-89D49D421951}"
EndProject
Global
	GlobalSection(SolutionConfigurationPlatforms) = preSolution
		Debug|Any CPU = Debug|Any CPU
		Release|Any CPU = Release|Any CPU
	EndGlobalSection
	GlobalSection(ProjectConfigurationPlatforms) = postSolution
		{3E0CD96E-1AD3-4289-BFA0-FADB6F21A621}.Debug|Any CPU.ActiveCfg = Debug|Any CPU
		{3E0CD96E-1AD3-4289-BFA0-FADB6F21A621}.Debug|Any CPU.Build.0 = Debug|Any CPU
		{3E0CD96E-1AD3-4289-BFA0-FADB6F21A621}.Release|Any CPU.ActiveCfg = Release|Any CPU
		{3E0CD96E-1AD3-4289-BFA0-FADB6F21A621}.Release|Any CPU.Build.0 = Release|Any CPU
		{E548DEB7-BF5A-4421-9326-EEBFFE9876D2}.Debug|Any CPU.ActiveCfg = Debug|Any CPU
		{E548DEB7-BF5A-4421-9326-EEBFFE9876D2}.Debug|Any CPU.Build.0 = Debug|Any CPU
		{E548DEB7-BF5A-4421-9326-EEBFFE9876D2}.Release|Any CPU.ActiveCfg = Release|Any CPU
		{E548DEB7-BF5A-4421-9326-EEBFFE9876D2}.Release|Any CPU.Build.0 = Release|Any CPU
		{571AE8A3-1370-4D49-9928-1A4727C7A9D4}.Debug|Any CPU.ActiveCfg = Debug|Any CPU
		{571AE8A3-1370-4D49-9928-1A4727C7A9D4}.Debug|Any CPU.Build.0 = Debug|Any CPU
		{571AE8A3-1370-4D49-9928-1A4727C7A9D4}.Release|Any CPU.ActiveCfg = Release|Any CPU
		{571AE8A3-1370-4D49-9928-1A4727C7A9D4}.Release|Any CPU.Build.0 = Release|Any CPU
		{450F9146-8DAD-464A-BC2D-042088DC3741}.Debug|Any CPU.ActiveCfg = Debug|Any CPU
		{450F9146-8DAD-464A-BC2D-042088DC3741}.Debug|Any CPU.Build.0 = Debug|Any CPU
		{450F9146-8DAD-464A-BC2D-042088DC3741}.Release|Any CPU.ActiveCfg = Release|Any CPU
		{450F9146-8DAD-464A-BC2D-042088DC3741}.Release|Any CPU.Build.0 = Release|Any CPU
		{CD331623-2E7C-479A-A111-1CE21580BA7D}.Debug|Any CPU.ActiveCfg = Debug|Any CPU
		{CD331623-2E7C-479A-A111-1CE21580BA7D}.Debug|Any CPU.Build.0 = Debug|Any CPU
		{CD331623-2E7C-479A-A111-1CE21580BA7D}.Release|Any CPU.ActiveCfg = Release|Any CPU
		{CD331623-2E7C-479A-A111-1CE21580BA7D}.Release|Any CPU.Build.0 = Release|Any CPU
		{5ABC9F20-1612-46EC-8853-55AC6698FE8C}.Debug|Any CPU.ActiveCfg = Debug|Any CPU
		{5ABC9F20-1612-46EC-8853-55AC6698FE8C}.Debug|Any CPU.Build.0 = Debug|Any CPU
		{5ABC9F20-1612-46EC-8853-55AC6698FE8C}.Release|Any CPU.ActiveCfg = Release|Any CPU
		{5ABC9F20-1612-46EC-8853-55AC6698FE8C}.Release|Any CPU.Build.0 = Release|Any CPU
		{048DBAC3-0E8C-4CB0-A25B-C90A5D9D8F31}.Debug|Any CPU.ActiveCfg = Debug|Any CPU
		{048DBAC3-0E8C-4CB0-A25B-C90A5D9D8F31}.Debug|Any CPU.Build.0 = Debug|Any CPU
		{048DBAC3-0E8C-4CB0-A25B-C90A5D9D8F31}.Release|Any CPU.ActiveCfg = Release|Any CPU
		{048DBAC3-0E8C-4CB0-A25B-C90A5D9D8F31}.Release|Any CPU.Build.0 = Release|Any CPU
		{52F9FD96-5650-48DA-BB6C-8C8DC93CC25A}.Debug|Any CPU.ActiveCfg = Debug|Any CPU
		{52F9FD96-5650-48DA-BB6C-8C8DC93CC25A}.Debug|Any CPU.Build.0 = Debug|Any CPU
		{52F9FD96-5650-48DA-BB6C-8C8DC93CC25A}.Release|Any CPU.ActiveCfg = Release|Any CPU
		{52F9FD96-5650-48DA-BB6C-8C8DC93CC25A}.Release|Any CPU.Build.0 = Release|Any CPU
		{5FC1303A-B876-4EBC-8B6E-C099DF698356}.Debug|Any CPU.ActiveCfg = Debug|Any CPU
		{5FC1303A-B876-4EBC-8B6E-C099DF698356}.Debug|Any CPU.Build.0 = Debug|Any CPU
		{5FC1303A-B876-4EBC-8B6E-C099DF698356}.Release|Any CPU.ActiveCfg = Release|Any CPU
		{5FC1303A-B876-4EBC-8B6E-C099DF698356}.Release|Any CPU.Build.0 = Release|Any CPU
		{F055C56D-F9EA-485C-ADCB-09880BF83C4B}.Debug|Any CPU.ActiveCfg = Debug|Any CPU
		{F055C56D-F9EA-485C-ADCB-09880BF83C4B}.Debug|Any CPU.Build.0 = Debug|Any CPU
		{F055C56D-F9EA-485C-ADCB-09880BF83C4B}.Release|Any CPU.ActiveCfg = Release|Any CPU
		{F055C56D-F9EA-485C-ADCB-09880BF83C4B}.Release|Any CPU.Build.0 = Release|Any CPU
		{C6FA6090-EAED-473C-A6F4-47248895C0CF}.Debug|Any CPU.ActiveCfg = Debug|Any CPU
		{C6FA6090-EAED-473C-A6F4-47248895C0CF}.Debug|Any CPU.Build.0 = Debug|Any CPU
		{C6FA6090-EAED-473C-A6F4-47248895C0CF}.Release|Any CPU.ActiveCfg = Release|Any CPU
		{C6FA6090-EAED-473C-A6F4-47248895C0CF}.Release|Any CPU.Build.0 = Release|Any CPU
		{5DDB10B3-CF2D-47F3-BC99-E60759510B0B}.Debug|Any CPU.ActiveCfg = Debug|Any CPU
		{5DDB10B3-CF2D-47F3-BC99-E60759510B0B}.Debug|Any CPU.Build.0 = Debug|Any CPU
		{5DDB10B3-CF2D-47F3-BC99-E60759510B0B}.Release|Any CPU.ActiveCfg = Release|Any CPU
		{5DDB10B3-CF2D-47F3-BC99-E60759510B0B}.Release|Any CPU.Build.0 = Release|Any CPU
		{452A7C7E-D5ED-4428-BCF4-D66C8F01A542}.Debug|Any CPU.ActiveCfg = Debug|Any CPU
		{452A7C7E-D5ED-4428-BCF4-D66C8F01A542}.Debug|Any CPU.Build.0 = Debug|Any CPU
		{452A7C7E-D5ED-4428-BCF4-D66C8F01A542}.Release|Any CPU.ActiveCfg = Release|Any CPU
		{452A7C7E-D5ED-4428-BCF4-D66C8F01A542}.Release|Any CPU.Build.0 = Release|Any CPU
		{BC349D5C-AB9E-48B7-856F-176025B48C81}.Debug|Any CPU.ActiveCfg = Debug|Any CPU
		{BC349D5C-AB9E-48B7-856F-176025B48C81}.Debug|Any CPU.Build.0 = Debug|Any CPU
		{BC349D5C-AB9E-48B7-856F-176025B48C81}.Release|Any CPU.ActiveCfg = Release|Any CPU
		{BC349D5C-AB9E-48B7-856F-176025B48C81}.Release|Any CPU.Build.0 = Release|Any CPU
		{F1ADE91A-CC60-4510-A8CC-B856978994EF}.Debug|Any CPU.ActiveCfg = Debug|Any CPU
		{F1ADE91A-CC60-4510-A8CC-B856978994EF}.Debug|Any CPU.Build.0 = Debug|Any CPU
		{F1ADE91A-CC60-4510-A8CC-B856978994EF}.Release|Any CPU.ActiveCfg = Release|Any CPU
		{F1ADE91A-CC60-4510-A8CC-B856978994EF}.Release|Any CPU.Build.0 = Release|Any CPU
		{1FA984F0-DE9B-4938-99F1-24E3378A4AAB}.Debug|Any CPU.ActiveCfg = Debug|Any CPU
		{1FA984F0-DE9B-4938-99F1-24E3378A4AAB}.Debug|Any CPU.Build.0 = Debug|Any CPU
		{1FA984F0-DE9B-4938-99F1-24E3378A4AAB}.Release|Any CPU.ActiveCfg = Release|Any CPU
		{1FA984F0-DE9B-4938-99F1-24E3378A4AAB}.Release|Any CPU.Build.0 = Release|Any CPU
		{F0CD0206-D4F4-48B3-AEBA-31636515765F}.Debug|Any CPU.ActiveCfg = Debug|Any CPU
		{F0CD0206-D4F4-48B3-AEBA-31636515765F}.Debug|Any CPU.Build.0 = Debug|Any CPU
		{F0CD0206-D4F4-48B3-AEBA-31636515765F}.Release|Any CPU.ActiveCfg = Release|Any CPU
		{F0CD0206-D4F4-48B3-AEBA-31636515765F}.Release|Any CPU.Build.0 = Release|Any CPU
		{F571109D-BB0C-4362-B555-11DD45FC48E0}.Debug|Any CPU.ActiveCfg = Debug|Any CPU
		{F571109D-BB0C-4362-B555-11DD45FC48E0}.Debug|Any CPU.Build.0 = Debug|Any CPU
		{F571109D-BB0C-4362-B555-11DD45FC48E0}.Release|Any CPU.ActiveCfg = Release|Any CPU
		{F571109D-BB0C-4362-B555-11DD45FC48E0}.Release|Any CPU.Build.0 = Release|Any CPU
		{6A799895-D25C-48C3-9066-F15B109C422B}.Debug|Any CPU.ActiveCfg = Debug|Any CPU
		{6A799895-D25C-48C3-9066-F15B109C422B}.Debug|Any CPU.Build.0 = Debug|Any CPU
		{6A799895-D25C-48C3-9066-F15B109C422B}.Release|Any CPU.ActiveCfg = Release|Any CPU
		{6A799895-D25C-48C3-9066-F15B109C422B}.Release|Any CPU.Build.0 = Release|Any CPU
		{15BD271C-D11B-42AC-A769-15623A9F61D9}.Debug|Any CPU.ActiveCfg = Debug|Any CPU
		{15BD271C-D11B-42AC-A769-15623A9F61D9}.Debug|Any CPU.Build.0 = Debug|Any CPU
		{15BD271C-D11B-42AC-A769-15623A9F61D9}.Release|Any CPU.ActiveCfg = Release|Any CPU
		{15BD271C-D11B-42AC-A769-15623A9F61D9}.Release|Any CPU.Build.0 = Release|Any CPU
		{5AE4C887-0C40-438D-994D-0B633536857F}.Debug|Any CPU.ActiveCfg = Debug|Any CPU
		{5AE4C887-0C40-438D-994D-0B633536857F}.Debug|Any CPU.Build.0 = Debug|Any CPU
		{5AE4C887-0C40-438D-994D-0B633536857F}.Release|Any CPU.ActiveCfg = Release|Any CPU
		{5AE4C887-0C40-438D-994D-0B633536857F}.Release|Any CPU.Build.0 = Release|Any CPU
		{F638510C-B9C3-4C18-9EEB-567AFF1E0451}.Debug|Any CPU.ActiveCfg = Debug|Any CPU
		{F638510C-B9C3-4C18-9EEB-567AFF1E0451}.Debug|Any CPU.Build.0 = Debug|Any CPU
		{F638510C-B9C3-4C18-9EEB-567AFF1E0451}.Release|Any CPU.ActiveCfg = Release|Any CPU
		{F638510C-B9C3-4C18-9EEB-567AFF1E0451}.Release|Any CPU.Build.0 = Release|Any CPU
		{22218D54-7621-4F52-874D-8C31B79F903A}.Debug|Any CPU.ActiveCfg = Debug|Any CPU
		{22218D54-7621-4F52-874D-8C31B79F903A}.Debug|Any CPU.Build.0 = Debug|Any CPU
		{22218D54-7621-4F52-874D-8C31B79F903A}.Release|Any CPU.ActiveCfg = Release|Any CPU
		{22218D54-7621-4F52-874D-8C31B79F903A}.Release|Any CPU.Build.0 = Release|Any CPU
		{4AB9FED0-BB6F-4142-96E6-5DFB550C738E}.Debug|Any CPU.ActiveCfg = Debug|Any CPU
		{4AB9FED0-BB6F-4142-96E6-5DFB550C738E}.Debug|Any CPU.Build.0 = Debug|Any CPU
		{4AB9FED0-BB6F-4142-96E6-5DFB550C738E}.Release|Any CPU.ActiveCfg = Release|Any CPU
		{4AB9FED0-BB6F-4142-96E6-5DFB550C738E}.Release|Any CPU.Build.0 = Release|Any CPU
		{2BA2A1FF-9676-4C87-9BF5-E6869EC0247D}.Debug|Any CPU.ActiveCfg = Debug|Any CPU
		{2BA2A1FF-9676-4C87-9BF5-E6869EC0247D}.Debug|Any CPU.Build.0 = Debug|Any CPU
		{2BA2A1FF-9676-4C87-9BF5-E6869EC0247D}.Release|Any CPU.ActiveCfg = Release|Any CPU
		{2BA2A1FF-9676-4C87-9BF5-E6869EC0247D}.Release|Any CPU.Build.0 = Release|Any CPU
		{68255EBE-3F54-4D3C-B9D0-32F8062898DB}.Debug|Any CPU.ActiveCfg = Debug|Any CPU
		{68255EBE-3F54-4D3C-B9D0-32F8062898DB}.Debug|Any CPU.Build.0 = Debug|Any CPU
		{68255EBE-3F54-4D3C-B9D0-32F8062898DB}.Release|Any CPU.ActiveCfg = Release|Any CPU
		{68255EBE-3F54-4D3C-B9D0-32F8062898DB}.Release|Any CPU.Build.0 = Release|Any CPU
		{208925E7-1B09-4B56-9A52-C5C3CEF54236}.Debug|Any CPU.ActiveCfg = Debug|Any CPU
		{208925E7-1B09-4B56-9A52-C5C3CEF54236}.Debug|Any CPU.Build.0 = Debug|Any CPU
		{208925E7-1B09-4B56-9A52-C5C3CEF54236}.Release|Any CPU.ActiveCfg = Release|Any CPU
		{208925E7-1B09-4B56-9A52-C5C3CEF54236}.Release|Any CPU.Build.0 = Release|Any CPU
		{7BA50A15-9BAA-4CE0-9416-E273199D4455}.Debug|Any CPU.ActiveCfg = Debug|Any CPU
		{7BA50A15-9BAA-4CE0-9416-E273199D4455}.Debug|Any CPU.Build.0 = Debug|Any CPU
		{7BA50A15-9BAA-4CE0-9416-E273199D4455}.Release|Any CPU.ActiveCfg = Release|Any CPU
		{7BA50A15-9BAA-4CE0-9416-E273199D4455}.Release|Any CPU.Build.0 = Release|Any CPU
		{CFC185FB-E721-4BBE-A0A8-DDD6FB57CE25}.Debug|Any CPU.ActiveCfg = Debug|Any CPU
		{CFC185FB-E721-4BBE-A0A8-DDD6FB57CE25}.Debug|Any CPU.Build.0 = Debug|Any CPU
		{CFC185FB-E721-4BBE-A0A8-DDD6FB57CE25}.Release|Any CPU.ActiveCfg = Release|Any CPU
		{CFC185FB-E721-4BBE-A0A8-DDD6FB57CE25}.Release|Any CPU.Build.0 = Release|Any CPU
		{FAD8DC5F-94C0-4F12-911B-08F616F6F79D}.Debug|Any CPU.ActiveCfg = Debug|Any CPU
		{FAD8DC5F-94C0-4F12-911B-08F616F6F79D}.Debug|Any CPU.Build.0 = Debug|Any CPU
		{FAD8DC5F-94C0-4F12-911B-08F616F6F79D}.Release|Any CPU.ActiveCfg = Release|Any CPU
		{FAD8DC5F-94C0-4F12-911B-08F616F6F79D}.Release|Any CPU.Build.0 = Release|Any CPU
		{47485C06-F3FF-458E-8B9D-DA3F5C867A68}.Debug|Any CPU.ActiveCfg = Debug|Any CPU
		{47485C06-F3FF-458E-8B9D-DA3F5C867A68}.Debug|Any CPU.Build.0 = Debug|Any CPU
		{47485C06-F3FF-458E-8B9D-DA3F5C867A68}.Release|Any CPU.ActiveCfg = Release|Any CPU
		{47485C06-F3FF-458E-8B9D-DA3F5C867A68}.Release|Any CPU.Build.0 = Release|Any CPU
		{D7DC2E21-A4F7-4456-BB0B-E1BE3511830E}.Debug|Any CPU.ActiveCfg = Debug|Any CPU
		{D7DC2E21-A4F7-4456-BB0B-E1BE3511830E}.Debug|Any CPU.Build.0 = Debug|Any CPU
		{D7DC2E21-A4F7-4456-BB0B-E1BE3511830E}.Release|Any CPU.ActiveCfg = Release|Any CPU
		{D7DC2E21-A4F7-4456-BB0B-E1BE3511830E}.Release|Any CPU.Build.0 = Release|Any CPU
		{55EA9548-40A0-4871-B289-654A12413764}.Debug|Any CPU.ActiveCfg = Debug|Any CPU
		{55EA9548-40A0-4871-B289-654A12413764}.Debug|Any CPU.Build.0 = Debug|Any CPU
		{55EA9548-40A0-4871-B289-654A12413764}.Release|Any CPU.ActiveCfg = Release|Any CPU
		{55EA9548-40A0-4871-B289-654A12413764}.Release|Any CPU.Build.0 = Release|Any CPU
		{087DAADF-6C69-4B8D-88EF-204E38142114}.Debug|Any CPU.ActiveCfg = Debug|Any CPU
		{087DAADF-6C69-4B8D-88EF-204E38142114}.Debug|Any CPU.Build.0 = Debug|Any CPU
		{087DAADF-6C69-4B8D-88EF-204E38142114}.Release|Any CPU.ActiveCfg = Release|Any CPU
		{087DAADF-6C69-4B8D-88EF-204E38142114}.Release|Any CPU.Build.0 = Release|Any CPU
		{F58E629E-08E5-4225-A2ED-4FFF9F72F9BF}.Debug|Any CPU.ActiveCfg = Debug|Any CPU
		{F58E629E-08E5-4225-A2ED-4FFF9F72F9BF}.Debug|Any CPU.Build.0 = Debug|Any CPU
		{F58E629E-08E5-4225-A2ED-4FFF9F72F9BF}.Release|Any CPU.ActiveCfg = Release|Any CPU
		{F58E629E-08E5-4225-A2ED-4FFF9F72F9BF}.Release|Any CPU.Build.0 = Release|Any CPU
		{28E87939-202D-425D-822F-E2707EDC65EE}.Debug|Any CPU.ActiveCfg = Debug|Any CPU
		{28E87939-202D-425D-822F-E2707EDC65EE}.Debug|Any CPU.Build.0 = Debug|Any CPU
		{28E87939-202D-425D-822F-E2707EDC65EE}.Release|Any CPU.ActiveCfg = Release|Any CPU
		{28E87939-202D-425D-822F-E2707EDC65EE}.Release|Any CPU.Build.0 = Release|Any CPU
		{3C3599C8-43AD-4C15-BE4E-5B82E6534723}.Debug|Any CPU.ActiveCfg = Debug|Any CPU
		{3C3599C8-43AD-4C15-BE4E-5B82E6534723}.Debug|Any CPU.Build.0 = Debug|Any CPU
		{3C3599C8-43AD-4C15-BE4E-5B82E6534723}.Release|Any CPU.ActiveCfg = Release|Any CPU
		{3C3599C8-43AD-4C15-BE4E-5B82E6534723}.Release|Any CPU.Build.0 = Release|Any CPU
		{A2AE6819-2609-4CFB-8609-6DFC5A1E6E2D}.Debug|Any CPU.ActiveCfg = Debug|Any CPU
		{A2AE6819-2609-4CFB-8609-6DFC5A1E6E2D}.Debug|Any CPU.Build.0 = Debug|Any CPU
		{A2AE6819-2609-4CFB-8609-6DFC5A1E6E2D}.Release|Any CPU.ActiveCfg = Release|Any CPU
		{A2AE6819-2609-4CFB-8609-6DFC5A1E6E2D}.Release|Any CPU.Build.0 = Release|Any CPU
		{70B57C59-21C7-432B-8612-11438AEDEF5C}.Debug|Any CPU.ActiveCfg = Debug|Any CPU
		{70B57C59-21C7-432B-8612-11438AEDEF5C}.Debug|Any CPU.Build.0 = Debug|Any CPU
		{70B57C59-21C7-432B-8612-11438AEDEF5C}.Release|Any CPU.ActiveCfg = Release|Any CPU
		{70B57C59-21C7-432B-8612-11438AEDEF5C}.Release|Any CPU.Build.0 = Release|Any CPU
		{E3482936-133E-4841-AC2A-AFB3DF7CD549}.Debug|Any CPU.ActiveCfg = Debug|Any CPU
		{E3482936-133E-4841-AC2A-AFB3DF7CD549}.Debug|Any CPU.Build.0 = Debug|Any CPU
		{E3482936-133E-4841-AC2A-AFB3DF7CD549}.Release|Any CPU.ActiveCfg = Release|Any CPU
		{E3482936-133E-4841-AC2A-AFB3DF7CD549}.Release|Any CPU.Build.0 = Release|Any CPU
		{9AF1C9C8-1326-4586-A09A-107121757056}.Debug|Any CPU.ActiveCfg = Debug|Any CPU
		{9AF1C9C8-1326-4586-A09A-107121757056}.Debug|Any CPU.Build.0 = Debug|Any CPU
		{9AF1C9C8-1326-4586-A09A-107121757056}.Release|Any CPU.ActiveCfg = Release|Any CPU
		{9AF1C9C8-1326-4586-A09A-107121757056}.Release|Any CPU.Build.0 = Release|Any CPU
		{C143E750-C470-4A48-AA43-DB8F0727529B}.Debug|Any CPU.ActiveCfg = Debug|Any CPU
		{C143E750-C470-4A48-AA43-DB8F0727529B}.Debug|Any CPU.Build.0 = Debug|Any CPU
		{C143E750-C470-4A48-AA43-DB8F0727529B}.Release|Any CPU.ActiveCfg = Release|Any CPU
		{C143E750-C470-4A48-AA43-DB8F0727529B}.Release|Any CPU.Build.0 = Release|Any CPU
		{29012866-B705-48DC-A38C-89D49D421951}.Debug|Any CPU.ActiveCfg = Debug|Any CPU
		{29012866-B705-48DC-A38C-89D49D421951}.Debug|Any CPU.Build.0 = Debug|Any CPU
		{29012866-B705-48DC-A38C-89D49D421951}.Release|Any CPU.ActiveCfg = Release|Any CPU
		{29012866-B705-48DC-A38C-89D49D421951}.Release|Any CPU.Build.0 = Release|Any CPU
	EndGlobalSection
	GlobalSection(SolutionProperties) = preSolution
		HideSolutionNode = FALSE
	EndGlobalSection
	GlobalSection(ExtensibilityGlobals) = postSolution
		SolutionGuid = {AB2F2798-E38C-497F-AC83-98E60C338108}
	EndGlobalSection
EndGlobal
